// !$*UTF8*$!
{
	archiveVersion = 1;
	classes = {
	};
	objectVersion = 50;
	objects = {

/* Begin PBXBuildFile section */
		E2022369241C906900C67976 /* additions.c in Sources */ = {isa = PBXBuildFile; fileRef = E2022368241C906900C67976 /* additions.c */; };
		E213C6B22417244F00141F63 /* Lox.c in Sources */ = {isa = PBXBuildFile; fileRef = E213C6A52417244F00141F63 /* Lox.c */; };
		E213C6B32417244F00141F63 /* sclox.c in Sources */ = {isa = PBXBuildFile; fileRef = E213C6A62417244F00141F63 /* sclox.c */; };
		E213C6B42417244F00141F63 /* AstPrinter.c in Sources */ = {isa = PBXBuildFile; fileRef = E213C6A72417244F00141F63 /* AstPrinter.c */; };
		E213C6B52417244F00141F63 /* Parser.c in Sources */ = {isa = PBXBuildFile; fileRef = E213C6A82417244F00141F63 /* Parser.c */; };
		E213C6B62417244F00141F63 /* Token.c in Sources */ = {isa = PBXBuildFile; fileRef = E213C6AE2417244F00141F63 /* Token.c */; };
		E213C6B72417244F00141F63 /* Expr.c in Sources */ = {isa = PBXBuildFile; fileRef = E213C6AF2417244F00141F63 /* Expr.c */; };
		E213C6B82417244F00141F63 /* Scanner.c in Sources */ = {isa = PBXBuildFile; fileRef = E213C6B02417244F00141F63 /* Scanner.c */; };
		E26CB635241CADB50067C811 /* TokenArray.c in Sources */ = {isa = PBXBuildFile; fileRef = E26CB631241CADB40067C811 /* TokenArray.c */; };
		E26CB636241CADB50067C811 /* StmtArray.c in Sources */ = {isa = PBXBuildFile; fileRef = E26CB632241CADB40067C811 /* StmtArray.c */; };
		E2860478241C5096001E1586 /* Stmt.c in Sources */ = {isa = PBXBuildFile; fileRef = E2860476241C5096001E1586 /* Stmt.c */; };
		E2BC49142418CB8400F8F14C /* Interpreter.c in Sources */ = {isa = PBXBuildFile; fileRef = E2BC490F2418CB8300F8F14C /* Interpreter.c */; };
		E2BC49152418CB8400F8F14C /* Object.c in Sources */ = {isa = PBXBuildFile; fileRef = E2BC49102418CB8300F8F14C /* Object.c */; };
		E2BC49182418CBA200F8F14C /* CException.c in Sources */ = {isa = PBXBuildFile; fileRef = E2BC49172418CBA200F8F14C /* CException.c */; };
/* End PBXBuildFile section */

/* Begin PBXCopyFilesBuildPhase section */
		E213C6982417242E00141F63 /* CopyFiles */ = {
			isa = PBXCopyFilesBuildPhase;
			buildActionMask = 2147483647;
			dstPath = /usr/share/man/man1/;
			dstSubfolderSpec = 0;
			files = (
			);
			runOnlyForDeploymentPostprocessing = 1;
		};
/* End PBXCopyFilesBuildPhase section */

/* Begin PBXFileReference section */
		E2022367241C906900C67976 /* additions.h */ = {isa = PBXFileReference; fileEncoding = 4; lastKnownFileType = sourcecode.c.h; name = additions.h; path = ../../src/additions.h; sourceTree = "<group>"; };
		E2022368241C906900C67976 /* additions.c */ = {isa = PBXFileReference; fileEncoding = 4; lastKnownFileType = sourcecode.c.c; name = additions.c; path = ../../src/additions.c; sourceTree = "<group>"; };
		E213C69A2417242E00141F63 /* sclox */ = {isa = PBXFileReference; explicitFileType = "compiled.mach-o.executable"; includeInIndex = 0; path = sclox; sourceTree = BUILT_PRODUCTS_DIR; };
		E213C6A42417244F00141F63 /* TokenType.h */ = {isa = PBXFileReference; fileEncoding = 4; lastKnownFileType = sourcecode.c.h; name = TokenType.h; path = ../../src/TokenType.h; sourceTree = "<group>"; };
		E213C6A52417244F00141F63 /* Lox.c */ = {isa = PBXFileReference; fileEncoding = 4; lastKnownFileType = sourcecode.c.c; name = Lox.c; path = ../../src/Lox.c; sourceTree = "<group>"; };
		E213C6A62417244F00141F63 /* sclox.c */ = {isa = PBXFileReference; fileEncoding = 4; lastKnownFileType = sourcecode.c.c; name = sclox.c; path = ../../src/sclox.c; sourceTree = "<group>"; };
		E213C6A72417244F00141F63 /* AstPrinter.c */ = {isa = PBXFileReference; fileEncoding = 4; lastKnownFileType = sourcecode.c.c; name = AstPrinter.c; path = ../../src/AstPrinter.c; sourceTree = "<group>"; };
		E213C6A82417244F00141F63 /* Parser.c */ = {isa = PBXFileReference; fileEncoding = 4; lastKnownFileType = sourcecode.c.c; name = Parser.c; path = ../../src/Parser.c; sourceTree = "<group>"; };
		E213C6A92417244F00141F63 /* Parser.h */ = {isa = PBXFileReference; fileEncoding = 4; lastKnownFileType = sourcecode.c.h; name = Parser.h; path = ../../src/Parser.h; sourceTree = "<group>"; };
		E213C6AA2417244F00141F63 /* Scanner.h */ = {isa = PBXFileReference; fileEncoding = 4; lastKnownFileType = sourcecode.c.h; name = Scanner.h; path = ../../src/Scanner.h; sourceTree = "<group>"; };
		E213C6AB2417244F00141F63 /* Expr.h */ = {isa = PBXFileReference; fileEncoding = 4; lastKnownFileType = sourcecode.c.h; name = Expr.h; path = ../../src/Expr.h; sourceTree = "<group>"; };
		E213C6AC2417244F00141F63 /* AstPrinter.h */ = {isa = PBXFileReference; fileEncoding = 4; lastKnownFileType = sourcecode.c.h; name = AstPrinter.h; path = ../../src/AstPrinter.h; sourceTree = "<group>"; };
		E213C6AD2417244F00141F63 /* Lox.h */ = {isa = PBXFileReference; fileEncoding = 4; lastKnownFileType = sourcecode.c.h; name = Lox.h; path = ../../src/Lox.h; sourceTree = "<group>"; };
		E213C6AE2417244F00141F63 /* Token.c */ = {isa = PBXFileReference; fileEncoding = 4; lastKnownFileType = sourcecode.c.c; name = Token.c; path = ../../src/Token.c; sourceTree = "<group>"; };
		E213C6AF2417244F00141F63 /* Expr.c */ = {isa = PBXFileReference; fileEncoding = 4; lastKnownFileType = sourcecode.c.c; name = Expr.c; path = ../../src/Expr.c; sourceTree = "<group>"; };
		E213C6B02417244F00141F63 /* Scanner.c */ = {isa = PBXFileReference; fileEncoding = 4; lastKnownFileType = sourcecode.c.c; name = Scanner.c; path = ../../src/Scanner.c; sourceTree = "<group>"; };
		E213C6B12417244F00141F63 /* Token.h */ = {isa = PBXFileReference; fileEncoding = 4; lastKnownFileType = sourcecode.c.h; name = Token.h; path = ../../src/Token.h; sourceTree = "<group>"; };
		E24DC44F241B4C7600A569CA /* CExceptionConfig.h */ = {isa = PBXFileReference; lastKnownFileType = sourcecode.c.h; name = CExceptionConfig.h; path = ../../src/CExceptionConfig.h; sourceTree = "<group>"; };
		E26CB631241CADB40067C811 /* TokenArray.c */ = {isa = PBXFileReference; fileEncoding = 4; lastKnownFileType = sourcecode.c.c; name = TokenArray.c; path = ../../src/TokenArray.c; sourceTree = "<group>"; };
		E26CB632241CADB40067C811 /* StmtArray.c */ = {isa = PBXFileReference; fileEncoding = 4; lastKnownFileType = sourcecode.c.c; name = StmtArray.c; path = ../../src/StmtArray.c; sourceTree = "<group>"; };
		E26CB633241CADB50067C811 /* StmtArray.h */ = {isa = PBXFileReference; fileEncoding = 4; lastKnownFileType = sourcecode.c.h; name = StmtArray.h; path = ../../src/StmtArray.h; sourceTree = "<group>"; };
		E26CB634241CADB50067C811 /* TokenArray.h */ = {isa = PBXFileReference; fileEncoding = 4; lastKnownFileType = sourcecode.c.h; name = TokenArray.h; path = ../../src/TokenArray.h; sourceTree = "<group>"; };
		E2860476241C5096001E1586 /* Stmt.c */ = {isa = PBXFileReference; fileEncoding = 4; lastKnownFileType = sourcecode.c.c; name = Stmt.c; path = ../../src/Stmt.c; sourceTree = "<group>"; };
		E2860477241C5096001E1586 /* Stmt.h */ = {isa = PBXFileReference; fileEncoding = 4; lastKnownFileType = sourcecode.c.h; name = Stmt.h; path = ../../src/Stmt.h; sourceTree = "<group>"; };
		E2BC490F2418CB8300F8F14C /* Interpreter.c */ = {isa = PBXFileReference; fileEncoding = 4; lastKnownFileType = sourcecode.c.c; name = Interpreter.c; path = ../../src/Interpreter.c; sourceTree = "<group>"; };
		E2BC49102418CB8300F8F14C /* Object.c */ = {isa = PBXFileReference; fileEncoding = 4; lastKnownFileType = sourcecode.c.c; name = Object.c; path = ../../src/Object.c; sourceTree = "<group>"; };
		E2BC49112418CB8300F8F14C /* Interpreter.h */ = {isa = PBXFileReference; fileEncoding = 4; lastKnownFileType = sourcecode.c.h; name = Interpreter.h; path = ../../src/Interpreter.h; sourceTree = "<group>"; };
		E2BC49122418CB8400F8F14C /* Object.h */ = {isa = PBXFileReference; fileEncoding = 4; lastKnownFileType = sourcecode.c.h; name = Object.h; path = ../../src/Object.h; sourceTree = "<group>"; };
		E2BC49132418CB8400F8F14C /* ReturnResult.h */ = {isa = PBXFileReference; fileEncoding = 4; lastKnownFileType = sourcecode.c.h; name = ReturnResult.h; path = ../../src/ReturnResult.h; sourceTree = "<group>"; };
		E2BC49162418CBA200F8F14C /* CException.h */ = {isa = PBXFileReference; fileEncoding = 4; lastKnownFileType = sourcecode.c.h; name = CException.h; path = ../../src/CException/lib/CException.h; sourceTree = "<group>"; };
		E2BC49172418CBA200F8F14C /* CException.c */ = {isa = PBXFileReference; fileEncoding = 4; lastKnownFileType = sourcecode.c.c; name = CException.c; path = ../../src/CException/lib/CException.c; sourceTree = "<group>"; };
/* End PBXFileReference section */

/* Begin PBXFrameworksBuildPhase section */
		E213C6972417242E00141F63 /* Frameworks */ = {
			isa = PBXFrameworksBuildPhase;
			buildActionMask = 2147483647;
			files = (
			);
			runOnlyForDeploymentPostprocessing = 0;
		};
/* End PBXFrameworksBuildPhase section */

/* Begin PBXGroup section */
		E213C6912417242E00141F63 = {
			isa = PBXGroup;
			children = (
				E213C69C2417242E00141F63 /* sclox */,
				E213C69B2417242E00141F63 /* Products */,
			);
			sourceTree = "<group>";
		};
		E213C69B2417242E00141F63 /* Products */ = {
			isa = PBXGroup;
			children = (
				E213C69A2417242E00141F63 /* sclox */,
			);
			name = Products;
			sourceTree = "<group>";
		};
		E213C69C2417242E00141F63 /* sclox */ = {
			isa = PBXGroup;
			children = (
				E26CB632241CADB40067C811 /* StmtArray.c */,
				E26CB633241CADB50067C811 /* StmtArray.h */,
				E26CB631241CADB40067C811 /* TokenArray.c */,
				E26CB634241CADB50067C811 /* TokenArray.h */,
				E2022368241C906900C67976 /* additions.c */,
				E2022367241C906900C67976 /* additions.h */,
				E2860476241C5096001E1586 /* Stmt.c */,
				E2860477241C5096001E1586 /* Stmt.h */,
				E2BC49172418CBA200F8F14C /* CException.c */,
				E2BC49162418CBA200F8F14C /* CException.h */,
				E2BC490F2418CB8300F8F14C /* Interpreter.c */,
				E2BC49112418CB8300F8F14C /* Interpreter.h */,
				E2BC49102418CB8300F8F14C /* Object.c */,
				E2BC49122418CB8400F8F14C /* Object.h */,
				E2BC49132418CB8400F8F14C /* ReturnResult.h */,
				E213C6A72417244F00141F63 /* AstPrinter.c */,
				E213C6AC2417244F00141F63 /* AstPrinter.h */,
				E213C6AF2417244F00141F63 /* Expr.c */,
				E213C6AB2417244F00141F63 /* Expr.h */,
				E213C6A52417244F00141F63 /* Lox.c */,
				E213C6AD2417244F00141F63 /* Lox.h */,
				E213C6A82417244F00141F63 /* Parser.c */,
				E213C6A92417244F00141F63 /* Parser.h */,
				E213C6B02417244F00141F63 /* Scanner.c */,
				E213C6AA2417244F00141F63 /* Scanner.h */,
				E213C6A62417244F00141F63 /* sclox.c */,
				E213C6AE2417244F00141F63 /* Token.c */,
				E213C6B12417244F00141F63 /* Token.h */,
				E213C6A42417244F00141F63 /* TokenType.h */,
				E24DC44F241B4C7600A569CA /* CExceptionConfig.h */,
			);
			path = sclox;
			sourceTree = "<group>";
		};
/* End PBXGroup section */

/* Begin PBXNativeTarget section */
		E213C6992417242E00141F63 /* sclox */ = {
			isa = PBXNativeTarget;
			buildConfigurationList = E213C6A12417242E00141F63 /* Build configuration list for PBXNativeTarget "sclox" */;
			buildPhases = (
				E213C6962417242E00141F63 /* Sources */,
				E213C6972417242E00141F63 /* Frameworks */,
				E213C6982417242E00141F63 /* CopyFiles */,
			);
			buildRules = (
			);
			dependencies = (
			);
			name = sclox;
			productName = sclox;
			productReference = E213C69A2417242E00141F63 /* sclox */;
			productType = "com.apple.product-type.tool";
		};
/* End PBXNativeTarget section */

/* Begin PBXProject section */
		E213C6922417242E00141F63 /* Project object */ = {
			isa = PBXProject;
			attributes = {
				LastUpgradeCheck = 1130;
				ORGANIZATIONNAME = "Scott Lorberbaum";
				TargetAttributes = {
					E213C6992417242E00141F63 = {
						CreatedOnToolsVersion = 11.3.1;
					};
				};
			};
			buildConfigurationList = E213C6952417242E00141F63 /* Build configuration list for PBXProject "sclox" */;
			compatibilityVersion = "Xcode 9.3";
			developmentRegion = en;
			hasScannedForEncodings = 0;
			knownRegions = (
				en,
				Base,
			);
			mainGroup = E213C6912417242E00141F63;
			productRefGroup = E213C69B2417242E00141F63 /* Products */;
			projectDirPath = "";
			projectRoot = "";
			targets = (
				E213C6992417242E00141F63 /* sclox */,
			);
		};
/* End PBXProject section */

/* Begin PBXSourcesBuildPhase section */
		E213C6962417242E00141F63 /* Sources */ = {
			isa = PBXSourcesBuildPhase;
			buildActionMask = 2147483647;
			files = (
				E213C6B22417244F00141F63 /* Lox.c in Sources */,
				E2BC49182418CBA200F8F14C /* CException.c in Sources */,
				E2BC49152418CB8400F8F14C /* Object.c in Sources */,
				E213C6B62417244F00141F63 /* Token.c in Sources */,
				E26CB635241CADB50067C811 /* TokenArray.c in Sources */,
				E2BC49142418CB8400F8F14C /* Interpreter.c in Sources */,
				E213C6B72417244F00141F63 /* Expr.c in Sources */,
				E213C6B42417244F00141F63 /* AstPrinter.c in Sources */,
				E213C6B52417244F00141F63 /* Parser.c in Sources */,
				E26CB636241CADB50067C811 /* StmtArray.c in Sources */,
				E213C6B32417244F00141F63 /* sclox.c in Sources */,
				E213C6B82417244F00141F63 /* Scanner.c in Sources */,
				E2860478241C5096001E1586 /* Stmt.c in Sources */,
				E2022369241C906900C67976 /* additions.c in Sources */,
			);
			runOnlyForDeploymentPostprocessing = 0;
		};
/* End PBXSourcesBuildPhase section */

/* Begin XCBuildConfiguration section */
		E213C69F2417242E00141F63 /* Debug */ = {
			isa = XCBuildConfiguration;
			buildSettings = {
				ALWAYS_SEARCH_USER_PATHS = NO;
				CLANG_ANALYZER_NONNULL = YES;
				CLANG_ANALYZER_NUMBER_OBJECT_CONVERSION = YES_AGGRESSIVE;
				CLANG_CXX_LANGUAGE_STANDARD = "gnu++14";
				CLANG_CXX_LIBRARY = "libc++";
				CLANG_ENABLE_MODULES = YES;
				CLANG_ENABLE_OBJC_ARC = YES;
				CLANG_ENABLE_OBJC_WEAK = YES;
				CLANG_WARN_BLOCK_CAPTURE_AUTORELEASING = YES;
				CLANG_WARN_BOOL_CONVERSION = YES;
				CLANG_WARN_COMMA = YES;
				CLANG_WARN_CONSTANT_CONVERSION = YES;
				CLANG_WARN_DEPRECATED_OBJC_IMPLEMENTATIONS = YES;
				CLANG_WARN_DIRECT_OBJC_ISA_USAGE = YES_ERROR;
				CLANG_WARN_DOCUMENTATION_COMMENTS = YES;
				CLANG_WARN_EMPTY_BODY = YES;
				CLANG_WARN_ENUM_CONVERSION = YES;
				CLANG_WARN_INFINITE_RECURSION = YES;
				CLANG_WARN_INT_CONVERSION = YES;
				CLANG_WARN_NON_LITERAL_NULL_CONVERSION = YES;
				CLANG_WARN_OBJC_IMPLICIT_RETAIN_SELF = YES;
				CLANG_WARN_OBJC_LITERAL_CONVERSION = YES;
				CLANG_WARN_OBJC_ROOT_CLASS = YES_ERROR;
				CLANG_WARN_RANGE_LOOP_ANALYSIS = YES;
				CLANG_WARN_STRICT_PROTOTYPES = YES;
				CLANG_WARN_SUSPICIOUS_MOVE = YES;
				CLANG_WARN_UNGUARDED_AVAILABILITY = YES_AGGRESSIVE;
				CLANG_WARN_UNREACHABLE_CODE = YES;
				CLANG_WARN__DUPLICATE_METHOD_MATCH = YES;
				COPY_PHASE_STRIP = NO;
				DEBUG_INFORMATION_FORMAT = dwarf;
				ENABLE_STRICT_OBJC_MSGSEND = YES;
				ENABLE_TESTABILITY = YES;
				GCC_C_LANGUAGE_STANDARD = gnu11;
				GCC_DYNAMIC_NO_PIC = NO;
				GCC_NO_COMMON_BLOCKS = YES;
				GCC_OPTIMIZATION_LEVEL = 0;
				GCC_PREPROCESSOR_DEFINITIONS = (
					"DEBUG=1",
					"$(inherited)",
				);
				GCC_WARN_64_TO_32_BIT_CONVERSION = YES;
				GCC_WARN_ABOUT_RETURN_TYPE = YES_ERROR;
				GCC_WARN_UNDECLARED_SELECTOR = YES;
				GCC_WARN_UNINITIALIZED_AUTOS = YES_AGGRESSIVE;
				GCC_WARN_UNUSED_FUNCTION = YES;
				GCC_WARN_UNUSED_VARIABLE = YES;
				MACOSX_DEPLOYMENT_TARGET = 10.15;
				MTL_ENABLE_DEBUG_INFO = INCLUDE_SOURCE;
				MTL_FAST_MATH = YES;
				ONLY_ACTIVE_ARCH = YES;
				SDKROOT = macosx;
			};
			name = Debug;
		};
		E213C6A02417242E00141F63 /* Release */ = {
			isa = XCBuildConfiguration;
			buildSettings = {
				ALWAYS_SEARCH_USER_PATHS = NO;
				CLANG_ANALYZER_NONNULL = YES;
				CLANG_ANALYZER_NUMBER_OBJECT_CONVERSION = YES_AGGRESSIVE;
				CLANG_CXX_LANGUAGE_STANDARD = "gnu++14";
				CLANG_CXX_LIBRARY = "libc++";
				CLANG_ENABLE_MODULES = YES;
				CLANG_ENABLE_OBJC_ARC = YES;
				CLANG_ENABLE_OBJC_WEAK = YES;
				CLANG_WARN_BLOCK_CAPTURE_AUTORELEASING = YES;
				CLANG_WARN_BOOL_CONVERSION = YES;
				CLANG_WARN_COMMA = YES;
				CLANG_WARN_CONSTANT_CONVERSION = YES;
				CLANG_WARN_DEPRECATED_OBJC_IMPLEMENTATIONS = YES;
				CLANG_WARN_DIRECT_OBJC_ISA_USAGE = YES_ERROR;
				CLANG_WARN_DOCUMENTATION_COMMENTS = YES;
				CLANG_WARN_EMPTY_BODY = YES;
				CLANG_WARN_ENUM_CONVERSION = YES;
				CLANG_WARN_INFINITE_RECURSION = YES;
				CLANG_WARN_INT_CONVERSION = YES;
				CLANG_WARN_NON_LITERAL_NULL_CONVERSION = YES;
				CLANG_WARN_OBJC_IMPLICIT_RETAIN_SELF = YES;
				CLANG_WARN_OBJC_LITERAL_CONVERSION = YES;
				CLANG_WARN_OBJC_ROOT_CLASS = YES_ERROR;
				CLANG_WARN_RANGE_LOOP_ANALYSIS = YES;
				CLANG_WARN_STRICT_PROTOTYPES = YES;
				CLANG_WARN_SUSPICIOUS_MOVE = YES;
				CLANG_WARN_UNGUARDED_AVAILABILITY = YES_AGGRESSIVE;
				CLANG_WARN_UNREACHABLE_CODE = YES;
				CLANG_WARN__DUPLICATE_METHOD_MATCH = YES;
				COPY_PHASE_STRIP = NO;
				DEBUG_INFORMATION_FORMAT = "dwarf-with-dsym";
				ENABLE_NS_ASSERTIONS = NO;
				ENABLE_STRICT_OBJC_MSGSEND = YES;
				GCC_C_LANGUAGE_STANDARD = gnu11;
				GCC_NO_COMMON_BLOCKS = YES;
				GCC_WARN_64_TO_32_BIT_CONVERSION = YES;
				GCC_WARN_ABOUT_RETURN_TYPE = YES_ERROR;
				GCC_WARN_UNDECLARED_SELECTOR = YES;
				GCC_WARN_UNINITIALIZED_AUTOS = YES_AGGRESSIVE;
				GCC_WARN_UNUSED_FUNCTION = YES;
				GCC_WARN_UNUSED_VARIABLE = YES;
				MACOSX_DEPLOYMENT_TARGET = 10.15;
				MTL_ENABLE_DEBUG_INFO = NO;
				MTL_FAST_MATH = YES;
				SDKROOT = macosx;
			};
			name = Release;
		};
		E213C6A22417242E00141F63 /* Debug */ = {
			isa = XCBuildConfiguration;
			buildSettings = {
				CLANG_STATIC_ANALYZER_MODE = deep;
				CODE_SIGN_STYLE = Automatic;
				DEVELOPMENT_TEAM = 78XPJAU3A2;
				ENABLE_HARDENED_RUNTIME = YES;
				PRODUCT_NAME = "$(TARGET_NAME)";
				RUN_CLANG_STATIC_ANALYZER = YES;
			};
			name = Debug;
		};
		E213C6A32417242E00141F63 /* Release */ = {
			isa = XCBuildConfiguration;
			buildSettings = {
				CLANG_STATIC_ANALYZER_MODE = deep;
				CODE_SIGN_STYLE = Automatic;
				DEVELOPMENT_TEAM = 78XPJAU3A2;
				ENABLE_HARDENED_RUNTIME = YES;
				PRODUCT_NAME = "$(TARGET_NAME)";
				RUN_CLANG_STATIC_ANALYZER = YES;
			};
			name = Release;
		};
/* End XCBuildConfiguration section */

/* Begin XCConfigurationList section */
		E213C6952417242E00141F63 /* Build configuration list for PBXProject "sclox" */ = {
			isa = XCConfigurationList;
			buildConfigurations = (
				E213C69F2417242E00141F63 /* Debug */,
				E213C6A02417242E00141F63 /* Release */,
			);
			defaultConfigurationIsVisible = 0;
			defaultConfigurationName = Release;
		};
		E213C6A12417242E00141F63 /* Build configuration list for PBXNativeTarget "sclox" */ = {
			isa = XCConfigurationList;
			buildConfigurations = (
				E213C6A22417242E00141F63 /* Debug */,
				E213C6A32417242E00141F63 /* Release */,
			);
			defaultConfigurationIsVisible = 0;
			defaultConfigurationName = Release;
		};
/* End XCConfigurationList section */
	};
	rootObject = E213C6922417242E00141F63 /* Project object */;
}
